
Microsoft Visual Studio Solution File, Format Version 12.00
# Visual Studio Version 17
VisualStudioVersion = 17.8.34330.188
MinimumVisualStudioVersion = 10.0.40219.1
Project("{FAE04EC0-301F-11D3-BF4B-00C04F79EFBC}") = "ProjetoAppEscola2E12025", "ProjetoAppEscola2E12025\ProjetoAppEscola2E12025.csproj", "{E0016636-BBDA-49CD-89FB-4BC4F44E870E}"
EndProject
Global
	GlobalSection(SolutionConfigurationPlatforms) = preSolution
		Debug|Any CPU = Debug|Any CPU
		Release|Any CPU = Release|Any CPU
	EndGlobalSection
	GlobalSection(ProjectConfigurationPlatforms) = postSolution
		{E0016636-BBDA-49CD-89FB-4BC4F44E870E}.Debug|Any CPU.ActiveCfg = Debug|Any CPU
		{E0016636-BBDA-49CD-89FB-4BC4F44E870E}.Debug|Any CPU.Build.0 = Debug|Any CPU
		{E0016636-BBDA-49CD-89FB-4BC4F44E870E}.Release|Any CPU.ActiveCfg = Release|Any CPU
		{E0016636-BBDA-49CD-89FB-4BC4F44E870E}.Release|Any CPU.Build.0 = Release|Any CPU
	EndGlobalSection
	GlobalSection(SolutionProperties) = preSolution
		HideSolutionNode = FALSE
	EndGlobalSection
	GlobalSection(ExtensibilityGlobals) = postSolution
		SolutionGuid = {84FB2CD8-031C-4532-9A92-08AB2EA1166F}
	EndGlobalSection
EndGlobal
